
Microsoft Visual Studio Solution File, Format Version 12.00
# Visual Studio 15
Project("{FAE04EC0-301F-11D3-BF4B-00C04F79EFBC}") = "UnityEngine.TestRunner", "UnityEngine.TestRunner.csproj", "{0DE77593-D9EE-7DDA-23EF-6930F2EA80BC}"
EndProject
Project("{FAE04EC0-301F-11D3-BF4B-00C04F79EFBC}") = "Unity.Timeline", "Unity.Timeline.csproj", "{E0AD1306-B74A-3FC2-8953-7CA13B07F642}"
EndProject
Project("{FAE04EC0-301F-11D3-BF4B-00C04F79EFBC}") = "UnityEngine.UI", "UnityEngine.UI.csproj", "{8F5FA182-F8A1-1FB5-D898-D6524BD2C830}"
EndProject
Project("{FAE04EC0-301F-11D3-BF4B-00C04F79EFBC}") = "Unity.TextMeshPro", "Unity.TextMeshPro.csproj", "{20DF1E43-E7F7-CE9E-6AC4-83829DC4D202}"
EndProject
Project("{FAE04EC0-301F-11D3-BF4B-00C04F79EFBC}") = "UnityEditor.TestRunner", "UnityEditor.TestRunner.csproj", "{4E8565A3-C3E3-DDD4-A335-1B5064EE1848}"
EndProject
Project("{FAE04EC0-301F-11D3-BF4B-00C04F79EFBC}") = "Unity.PlasticSCM.Editor", "Unity.PlasticSCM.Editor.csproj", "{73DD9E74-3EEC-648F-2AF0-CBF7EEAD99A5}"
EndProject
Project("{FAE04EC0-301F-11D3-BF4B-00C04F79EFBC}") = "UnityEditor.UI", "UnityEditor.UI.csproj", "{308643EF-8977-3AC2-7D13-4A0FCD799A10}"
EndProject
Project("{FAE04EC0-301F-11D3-BF4B-00C04F79EFBC}") = "Unity.Services.Core.Editor", "Unity.Services.Core.Editor.csproj", "{FF154950-A8D5-C70F-B661-98EFC96040C9}"
EndProject
Project("{FAE04EC0-301F-11D3-BF4B-00C04F79EFBC}") = "Unity.Timeline.Editor", "Unity.Timeline.Editor.csproj", "{EF6F2858-5696-0E00-C634-997F489600F7}"
EndProject
Project("{FAE04EC0-301F-11D3-BF4B-00C04F79EFBC}") = "Unity.VisualStudio.Editor", "Unity.VisualStudio.Editor.csproj", "{9B46687C-DDAC-33B8-4672-E53C412E6024}"
EndProject
Project("{FAE04EC0-301F-11D3-BF4B-00C04F79EFBC}") = "Unity.TextMeshPro.Editor", "Unity.TextMeshPro.Editor.csproj", "{CAD59C50-71E5-73B1-C4D5-CDAA5AD3DC3C}"
EndProject
Project("{FAE04EC0-301F-11D3-BF4B-00C04F79EFBC}") = "Unity.CollabProxy.Editor", "Unity.CollabProxy.Editor.csproj", "{D3C8C307-D59F-F473-CB84-576BDEA313C4}"
EndProject
Project("{FAE04EC0-301F-11D3-BF4B-00C04F79EFBC}") = "Unity.Rider.Editor", "Unity.Rider.Editor.csproj", "{6D08D34F-FF18-3A59-E647-9460623062CC}"
EndProject
Project("{FAE04EC0-301F-11D3-BF4B-00C04F79EFBC}") = "Unity.VSCode.Editor", "Unity.VSCode.Editor.csproj", "{2145C99E-9056-3A05-EDC0-2BD23EF4F367}"
EndProject
Global
	GlobalSection(SolutionConfigurationPlatforms) = preSolution
		Debug|Any CPU = Debug|Any CPU
		Release|Any CPU = Release|Any CPU
	EndGlobalSection
	GlobalSection(ProjectConfigurationPlatforms) = postSolution
		{0DE77593-D9EE-7DDA-23EF-6930F2EA80BC}.Debug|Any CPU.ActiveCfg = Debug|Any CPU
		{0DE77593-D9EE-7DDA-23EF-6930F2EA80BC}.Debug|Any CPU.Build.0 = Debug|Any CPU
		{0DE77593-D9EE-7DDA-23EF-6930F2EA80BC}.Release|Any CPU.ActiveCfg = Release|Any CPU
		{0DE77593-D9EE-7DDA-23EF-6930F2EA80BC}.Release|Any CPU.Build.0 = Release|Any CPU
		{E0AD1306-B74A-3FC2-8953-7CA13B07F642}.Debug|Any CPU.ActiveCfg = Debug|Any CPU
		{E0AD1306-B74A-3FC2-8953-7CA13B07F642}.Debug|Any CPU.Build.0 = Debug|Any CPU
		{E0AD1306-B74A-3FC2-8953-7CA13B07F642}.Release|Any CPU.ActiveCfg = Release|Any CPU
		{E0AD1306-B74A-3FC2-8953-7CA13B07F642}.Release|Any CPU.Build.0 = Release|Any CPU
		{8F5FA182-F8A1-1FB5-D898-D6524BD2C830}.Debug|Any CPU.ActiveCfg = Debug|Any CPU
		{8F5FA182-F8A1-1FB5-D898-D6524BD2C830}.Debug|Any CPU.Build.0 = Debug|Any CPU
		{8F5FA182-F8A1-1FB5-D898-D6524BD2C830}.Release|Any CPU.ActiveCfg = Release|Any CPU
		{8F5FA182-F8A1-1FB5-D898-D6524BD2C830}.Release|Any CPU.Build.0 = Release|Any CPU
		{20DF1E43-E7F7-CE9E-6AC4-83829DC4D202}.Debug|Any CPU.ActiveCfg = Debug|Any CPU
		{20DF1E43-E7F7-CE9E-6AC4-83829DC4D202}.Debug|Any CPU.Build.0 = Debug|Any CPU
		{20DF1E43-E7F7-CE9E-6AC4-83829DC4D202}.Release|Any CPU.ActiveCfg = Release|Any CPU
		{20DF1E43-E7F7-CE9E-6AC4-83829DC4D202}.Release|Any CPU.Build.0 = Release|Any CPU
		{4E8565A3-C3E3-DDD4-A335-1B5064EE1848}.Debug|Any CPU.ActiveCfg = Debug|Any CPU
		{4E8565A3-C3E3-DDD4-A335-1B5064EE1848}.Debug|Any CPU.Build.0 = Debug|Any CPU
		{4E8565A3-C3E3-DDD4-A335-1B5064EE1848}.Release|Any CPU.ActiveCfg = Release|Any CPU
		{4E8565A3-C3E3-DDD4-A335-1B5064EE1848}.Release|Any CPU.Build.0 = Release|Any CPU
		{73DD9E74-3EEC-648F-2AF0-CBF7EEAD99A5}.Debug|Any CPU.ActiveCfg = Debug|Any CPU
		{73DD9E74-3EEC-648F-2AF0-CBF7EEAD99A5}.Debug|Any CPU.Build.0 = Debug|Any CPU
		{73DD9E74-3EEC-648F-2AF0-CBF7EEAD99A5}.Release|Any CPU.ActiveCfg = Release|Any CPU
		{73DD9E74-3EEC-648F-2AF0-CBF7EEAD99A5}.Release|Any CPU.Build.0 = Release|Any CPU
		{308643EF-8977-3AC2-7D13-4A0FCD799A10}.Debug|Any CPU.ActiveCfg = Debug|Any CPU
		{308643EF-8977-3AC2-7D13-4A0FCD799A10}.Debug|Any CPU.Build.0 = Debug|Any CPU
		{308643EF-8977-3AC2-7D13-4A0FCD799A10}.Release|Any CPU.ActiveCfg = Release|Any CPU
		{308643EF-8977-3AC2-7D13-4A0FCD799A10}.Release|Any CPU.Build.0 = Release|Any CPU
		{FF154950-A8D5-C70F-B661-98EFC96040C9}.Debug|Any CPU.ActiveCfg = Debug|Any CPU
		{FF154950-A8D5-C70F-B661-98EFC96040C9}.Debug|Any CPU.Build.0 = Debug|Any CPU
		{FF154950-A8D5-C70F-B661-98EFC96040C9}.Release|Any CPU.ActiveCfg = Release|Any CPU
		{FF154950-A8D5-C70F-B661-98EFC96040C9}.Release|Any CPU.Build.0 = Release|Any CPU
		{EF6F2858-5696-0E00-C634-997F489600F7}.Debug|Any CPU.ActiveCfg = Debug|Any CPU
		{EF6F2858-5696-0E00-C634-997F489600F7}.Debug|Any CPU.Build.0 = Debug|Any CPU
		{EF6F2858-5696-0E00-C634-997F489600F7}.Release|Any CPU.ActiveCfg = Release|Any CPU
		{EF6F2858-5696-0E00-C634-997F489600F7}.Release|Any CPU.Build.0 = Release|Any CPU
		{9B46687C-DDAC-33B8-4672-E53C412E6024}.Debug|Any CPU.ActiveCfg = Debug|Any CPU
		{9B46687C-DDAC-33B8-4672-E53C412E6024}.Debug|Any CPU.Build.0 = Debug|Any CPU
		{9B46687C-DDAC-33B8-4672-E53C412E6024}.Release|Any CPU.ActiveCfg = Release|Any CPU
		{9B46687C-DDAC-33B8-4672-E53C412E6024}.Release|Any CPU.Build.0 = Release|Any CPU
		{CAD59C50-71E5-73B1-C4D5-CDAA5AD3DC3C}.Debug|Any CPU.ActiveCfg = Debug|Any CPU
		{CAD59C50-71E5-73B1-C4D5-CDAA5AD3DC3C}.Debug|Any CPU.Build.0 = Debug|Any CPU
		{CAD59C50-71E5-73B1-C4D5-CDAA5AD3DC3C}.Release|Any CPU.ActiveCfg = Release|Any CPU
		{CAD59C50-71E5-73B1-C4D5-CDAA5AD3DC3C}.Release|Any CPU.Build.0 = Release|Any CPU
		{D3C8C307-D59F-F473-CB84-576BDEA313C4}.Debug|Any CPU.ActiveCfg = Debug|Any CPU
		{D3C8C307-D59F-F473-CB84-576BDEA313C4}.Debug|Any CPU.Build.0 = Debug|Any CPU
		{D3C8C307-D59F-F473-CB84-576BDEA313C4}.Release|Any CPU.ActiveCfg = Release|Any CPU
		{D3C8C307-D59F-F473-CB84-576BDEA313C4}.Release|Any CPU.Build.0 = Release|Any CPU
		{6D08D34F-FF18-3A59-E647-9460623062CC}.Debug|Any CPU.ActiveCfg = Debug|Any CPU
		{6D08D34F-FF18-3A59-E647-9460623062CC}.Debug|Any CPU.Build.0 = Debug|Any CPU
		{6D08D34F-FF18-3A59-E647-9460623062CC}.Release|Any CPU.ActiveCfg = Release|Any CPU
		{6D08D34F-FF18-3A59-E647-9460623062CC}.Release|Any CPU.Build.0 = Release|Any CPU
		{2145C99E-9056-3A05-EDC0-2BD23EF4F367}.Debug|Any CPU.ActiveCfg = Debug|Any CPU
		{2145C99E-9056-3A05-EDC0-2BD23EF4F367}.Debug|Any CPU.Build.0 = Debug|Any CPU
		{2145C99E-9056-3A05-EDC0-2BD23EF4F367}.Release|Any CPU.ActiveCfg = Release|Any CPU
		{2145C99E-9056-3A05-EDC0-2BD23EF4F367}.Release|Any CPU.Build.0 = Release|Any CPU
	EndGlobalSection
	GlobalSection(SolutionProperties) = preSolution
		HideSolutionNode = FALSE
	EndGlobalSection
EndGlobal
